
Microsoft Visual Studio Solution File, Format Version 12.00
# Visual Studio 2012
Project("{2150E333-8FDC-42A3-9474-1A3956D46DE8}") = "01 - Common", "01 - Common", "{A78DE27D-9939-4281-BA81-082137B11951}"
EndProject
Project("{FAE04EC0-301F-11D3-BF4B-00C04F79EFBC}") = "HallData.EMS.ApplicationViews", "HallData.EMS.ApplicationViews\HallData.EMS.ApplicationViews.csproj", "{54E4A240-9F00-4339-B491-DB6AF7ECC669}"
EndProject
Project("{2150E333-8FDC-42A3-9474-1A3956D46DE8}") = ".nuget", ".nuget", "{6A042DC4-E09D-4131-A959-256F89397F68}"
	ProjectSection(SolutionItems) = preProject
		Main\.nuget\NuGet.Config = Main\.nuget\NuGet.Config
		Main\.nuget\NuGet.exe = Main\.nuget\NuGet.exe
		Main\.nuget\NuGet.targets = Main\.nuget\NuGet.targets
	EndProjectSection
EndProject
Project("{FAE04EC0-301F-11D3-BF4B-00C04F79EFBC}") = "HallData.EMS.Models", "HallData.EMS.Models\HallData.EMS.Models.csproj", "{551AD35B-0912-46AC-A1FD-10FC9F4B7DC0}"
EndProject
Project("{2150E333-8FDC-42A3-9474-1A3956D46DE8}") = "02 - Data", "02 - Data", "{BEFACE0E-91F6-45FF-8EF2-26F83B29B42E}"
EndProject
Project("{FAE04EC0-301F-11D3-BF4B-00C04F79EFBC}") = "HallData.EMS.Data", "HallData.EMS.Data\HallData.EMS.Data.csproj", "{FB2CCB84-ECBB-453E-88C1-0C9F598DFF2F}"
EndProject
Project("{2150E333-8FDC-42A3-9474-1A3956D46DE8}") = "03 - Business", "03 - Business", "{CB2F7A26-DB70-4743-960D-4E02F4C87771}"
EndProject
Project("{FAE04EC0-301F-11D3-BF4B-00C04F79EFBC}") = "HallData.EMS.Business.Contracts", "HallData.EMS.Business.Contracts\HallData.EMS.Business.Contracts.csproj", "{5099EC78-BDF7-4806-9813-425400EEE5C2}"
EndProject
Project("{FAE04EC0-301F-11D3-BF4B-00C04F79EFBC}") = "HallData.EMS.Business", "HallData.EMS.Business\HallData.EMS.Business.csproj", "{6F6E8468-2C6B-4166-8EDC-960AE0FFA2B2}"
EndProject
Project("{FAE04EC0-301F-11D3-BF4B-00C04F79EFBC}") = "HallData.EMS.Security.Tokenizer", "HallData.EMS.Security.Tokenizer\HallData.EMS.Security.Tokenizer.csproj", "{891F142B-8F32-467B-99D9-D1861CF5747C}"
EndProject
Project("{FAE04EC0-301F-11D3-BF4B-00C04F79EFBC}") = "HallData.EMS.Web.Api", "HallData.EMS.Web.Api\HallData.EMS.Web.Api.csproj", "{9FA33CE0-874E-465B-938D-D2CD8C524222}"
EndProject
Project("{2150E333-8FDC-42A3-9474-1A3956D46DE8}") = "00 - Framework", "00 - Framework", "{1B18AE4A-840E-4F45-A7CB-6F35489C4881}"
EndProject
Project("{FAE04EC0-301F-11D3-BF4B-00C04F79EFBC}") = "HallData.ApplicationViews", "HallData.ApplicationViews\HallData.ApplicationViews.csproj", "{D937155B-2377-40F4-946C-316458593915}"
EndProject
Project("{FAE04EC0-301F-11D3-BF4B-00C04F79EFBC}") = "HallData.Business", "HallData.Business\HallData.Business.csproj", "{89C88858-6969-4BD9-A7F7-EBF4EC55BD21}"
EndProject
Project("{FAE04EC0-301F-11D3-BF4B-00C04F79EFBC}") = "HallData.Business.Contracts", "HallData.Business.Contracts\HallData.Business.Contracts.csproj", "{D6B3262C-0538-4038-AAB1-93DB13AF14A6}"
EndProject
Project("{FAE04EC0-301F-11D3-BF4B-00C04F79EFBC}") = "HallData.Business.Services.Proxy", "HallData.Business.Services.Proxy\HallData.Business.Services.Proxy.csproj", "{7971525A-5287-4C1A-90C9-3D6D3DAA89E3}"
EndProject
Project("{FAE04EC0-301F-11D3-BF4B-00C04F79EFBC}") = "HallData.Data", "HallData.Data\HallData.Data.csproj", "{F3118E72-D1AE-44DD-99A1-A5744AC10D7A}"
EndProject
Project("{FAE04EC0-301F-11D3-BF4B-00C04F79EFBC}") = "HallData.Exceptions", "HallData.Exceptions\HallData.Exceptions.csproj", "{2EEBA91E-2303-462D-8CDD-F29B6EC7B3A4}"
EndProject
Project("{FAE04EC0-301F-11D3-BF4B-00C04F79EFBC}") = "HallData.Globalization", "HallData.Globalization\HallData.Globalization.csproj", "{FCFC0572-BC6B-4770-BA79-5274E8F5A52B}"
EndProject
Project("{FAE04EC0-301F-11D3-BF4B-00C04F79EFBC}") = "HallData.Globalization.Core", "HallData.Globalization.Core\HallData.Globalization.Core.csproj", "{6A8572C6-B861-4F25-B7C1-95FB1ABF3317}"
EndProject
Project("{FAE04EC0-301F-11D3-BF4B-00C04F79EFBC}") = "HallData.Models", "HallData.Models\HallData.Models.csproj", "{BDC14E4B-6CC5-4D8A-A502-6953985D66CF}"
EndProject
Project("{FAE04EC0-301F-11D3-BF4B-00C04F79EFBC}") = "HallData.Repository", "HallData.Repository\HallData.Repository.csproj", "{C44C35F9-AB4A-42C8-8BAA-BF43FAC783CF}"
EndProject
Project("{FAE04EC0-301F-11D3-BF4B-00C04F79EFBC}") = "HallData.Swashbuckle", "HallData.Swashbuckle\HallData.Swashbuckle.csproj", "{4B94743A-0BA4-42E8-B37E-6B8D50D89F14}"
EndProject
Project("{FAE04EC0-301F-11D3-BF4B-00C04F79EFBC}") = "HallData.Translation", "HallData.Translation\HallData.Translation.csproj", "{12B76AA9-3837-44EE-BC02-12D8E897D664}"
EndProject
Project("{FAE04EC0-301F-11D3-BF4B-00C04F79EFBC}") = "HallData.Translation.Core", "HallData.Translation.Core\HallData.Translation.Core.csproj", "{0EB0A3A5-16C0-46D3-BD4F-FAAD349A71D1}"
EndProject
Project("{FAE04EC0-301F-11D3-BF4B-00C04F79EFBC}") = "HallData.Utilities", "HallData.Utilities\HallData.Utilities.csproj", "{D1185FA4-88B7-4DA7-9B73-82C65A2F0B5C}"
EndProject
Project("{FAE04EC0-301F-11D3-BF4B-00C04F79EFBC}") = "HallData.Validation", "HallData.Validation\HallData.Validation.csproj", "{B22A0AA4-F6A4-4BC0-9968-3D52FCFFFA59}"
EndProject
Project("{FAE04EC0-301F-11D3-BF4B-00C04F79EFBC}") = "HallData.Web", "HallData.Web\HallData.Web.csproj", "{8E45B694-1B7F-4BD5-9354-03185843D293}"
EndProject
Project("{FAE04EC0-301F-11D3-BF4B-00C04F79EFBC}") = "HallData.Web.Base", "HallData.Web.Base\HallData.Web.Base.csproj", "{82E44795-EAB0-432E-9F6B-AB8FE1196E38}"
EndProject
Project("{FAE04EC0-301F-11D3-BF4B-00C04F79EFBC}") = "HallData.Web.Dependencies", "HallData.Web.Dependencies\HallData.Web.Dependencies.csproj", "{6212A842-F3C9-4980-B041-ABDE5FC2179B}"
EndProject
Project("{FAE04EC0-301F-11D3-BF4B-00C04F79EFBC}") = "HallData.Security", "HallData.Security\HallData.Security.csproj", "{7C48BAB9-1B94-4438-B98D-0E57122BB968}"
EndProject
Project("{2150E333-8FDC-42A3-9474-1A3956D46DE8}") = "04 - Tests", "04 - Tests", "{4D7C5A55-1E7C-4F98-8F36-E1D9D6861850}"
EndProject
Project("{FAE04EC0-301F-11D3-BF4B-00C04F79EFBC}") = "HallData.EMS.Tests", "Halldata.EMS.Tests\HallData.EMS.Tests.csproj", "{EDC17BA3-DD4B-47A0-8F2B-1BBB6EC0678B}"
EndProject
Project("{2150E333-8FDC-42A3-9474-1A3956D46DE8}") = "05 - Custom", "05 - Custom", "{6420E207-90D8-4F16-808E-AF7834CDD983}"
EndProject
Project("{FAE04EC0-301F-11D3-BF4B-00C04F79EFBC}") = "Halldata.EMS.CustomAPI", "Halldata.EMS.CustomAPI\Halldata.EMS.CustomAPI.csproj", "{244792E9-CD60-420D-8427-6FD7641EB3E4}"
EndProject
Project("{FAE04EC0-301F-11D3-BF4B-00C04F79EFBC}") = "Halldata.EMS.CustomAPI.Tests", "Halldata.EMS.CustomAPI.Tests\Halldata.EMS.CustomAPI.Tests.csproj", "{BEF4A31A-EA9D-404D-80B4-5FD7DFC7BCD9}"
EndProject
Project("{FAE04EC0-301F-11D3-BF4B-00C04F79EFBC}") = "HallData.Tests", "HallData.Tests\HallData.Tests.csproj", "{80031BCA-F76C-4F16-ADD6-8A89289DAE9F}"
EndProject
Project("{2150E333-8FDC-42A3-9474-1A3956D46DE8}") = "06 - Admin", "06 - Admin", "{D1AFB27D-F7A1-47AD-9EAF-19A34610D05A}"
EndProject
Project("{FAE04EC0-301F-11D3-BF4B-00C04F79EFBC}") = "HallData.Admin.ApplicationViews", "HallData.Admin.ApplicationViews\HallData.Admin.ApplicationViews.csproj", "{A1B296D4-AE33-4464-BA1E-6DF18527DBA9}"
EndProject
Project("{FAE04EC0-301F-11D3-BF4B-00C04F79EFBC}") = "HallData.Admin.Data", "HallData.Admin.Data\HallData.Admin.Data.csproj", "{B3DA6ED2-95DA-4F63-B72A-2E6F472EEF0C}"
EndProject
Project("{FAE04EC0-301F-11D3-BF4B-00C04F79EFBC}") = "HallData.Admin.Business.Contracts", "HallData.Admin.Business.Contracts\HallData.Admin.Business.Contracts.csproj", "{C4889BC0-5467-41E3-B953-B06BCA3AEB4F}"
EndProject
Project("{FAE04EC0-301F-11D3-BF4B-00C04F79EFBC}") = "HallData.Admin.Business", "HallData.Admin.Business\HallData.Admin.Business.csproj", "{FE0C8FB3-30E1-496B-9590-1A9844AE3A73}"
EndProject
Project("{FAE04EC0-301F-11D3-BF4B-00C04F79EFBC}") = "HallData.Admin.Web", "HallData.Admin.Web\HallData.Admin.Web.csproj", "{1C3D680E-E6C4-436E-8EF9-29ED5157FC71}"
EndProject
Project("{FAE04EC0-301F-11D3-BF4B-00C04F79EFBC}") = "HallData.Admin.Tests", "HallData.Admin.Tests\HallData.Admin.Tests.csproj", "{7B07B062-178C-4A7B-A1C1-38710F6A4E30}"
EndProject
Global
	GlobalSection(SolutionConfigurationPlatforms) = preSolution
		Debug|Any CPU = Debug|Any CPU
		Dev|Any CPU = Dev|Any CPU
		Release|Any CPU = Release|Any CPU
	EndGlobalSection
	GlobalSection(ProjectConfigurationPlatforms) = postSolution
		{54E4A240-9F00-4339-B491-DB6AF7ECC669}.Debug|Any CPU.ActiveCfg = Debug|Any CPU
		{54E4A240-9F00-4339-B491-DB6AF7ECC669}.Debug|Any CPU.Build.0 = Debug|Any CPU
		{54E4A240-9F00-4339-B491-DB6AF7ECC669}.Dev|Any CPU.ActiveCfg = Debug|Any CPU
		{54E4A240-9F00-4339-B491-DB6AF7ECC669}.Dev|Any CPU.Build.0 = Debug|Any CPU
		{54E4A240-9F00-4339-B491-DB6AF7ECC669}.Release|Any CPU.ActiveCfg = Release|Any CPU
		{54E4A240-9F00-4339-B491-DB6AF7ECC669}.Release|Any CPU.Build.0 = Release|Any CPU
		{551AD35B-0912-46AC-A1FD-10FC9F4B7DC0}.Debug|Any CPU.ActiveCfg = Debug|Any CPU
		{551AD35B-0912-46AC-A1FD-10FC9F4B7DC0}.Debug|Any CPU.Build.0 = Debug|Any CPU
		{551AD35B-0912-46AC-A1FD-10FC9F4B7DC0}.Dev|Any CPU.ActiveCfg = Debug|Any CPU
		{551AD35B-0912-46AC-A1FD-10FC9F4B7DC0}.Dev|Any CPU.Build.0 = Debug|Any CPU
		{551AD35B-0912-46AC-A1FD-10FC9F4B7DC0}.Release|Any CPU.ActiveCfg = Release|Any CPU
		{551AD35B-0912-46AC-A1FD-10FC9F4B7DC0}.Release|Any CPU.Build.0 = Release|Any CPU
		{FB2CCB84-ECBB-453E-88C1-0C9F598DFF2F}.Debug|Any CPU.ActiveCfg = Debug|Any CPU
		{FB2CCB84-ECBB-453E-88C1-0C9F598DFF2F}.Debug|Any CPU.Build.0 = Debug|Any CPU
		{FB2CCB84-ECBB-453E-88C1-0C9F598DFF2F}.Dev|Any CPU.ActiveCfg = Debug|Any CPU
		{FB2CCB84-ECBB-453E-88C1-0C9F598DFF2F}.Dev|Any CPU.Build.0 = Debug|Any CPU
		{FB2CCB84-ECBB-453E-88C1-0C9F598DFF2F}.Release|Any CPU.ActiveCfg = Release|Any CPU
		{FB2CCB84-ECBB-453E-88C1-0C9F598DFF2F}.Release|Any CPU.Build.0 = Release|Any CPU
		{5099EC78-BDF7-4806-9813-425400EEE5C2}.Debug|Any CPU.ActiveCfg = Debug|Any CPU
		{5099EC78-BDF7-4806-9813-425400EEE5C2}.Debug|Any CPU.Build.0 = Debug|Any CPU
		{5099EC78-BDF7-4806-9813-425400EEE5C2}.Dev|Any CPU.ActiveCfg = Debug|Any CPU
		{5099EC78-BDF7-4806-9813-425400EEE5C2}.Dev|Any CPU.Build.0 = Debug|Any CPU
		{5099EC78-BDF7-4806-9813-425400EEE5C2}.Release|Any CPU.ActiveCfg = Release|Any CPU
		{5099EC78-BDF7-4806-9813-425400EEE5C2}.Release|Any CPU.Build.0 = Release|Any CPU
		{6F6E8468-2C6B-4166-8EDC-960AE0FFA2B2}.Debug|Any CPU.ActiveCfg = Debug|Any CPU
		{6F6E8468-2C6B-4166-8EDC-960AE0FFA2B2}.Debug|Any CPU.Build.0 = Debug|Any CPU
		{6F6E8468-2C6B-4166-8EDC-960AE0FFA2B2}.Dev|Any CPU.ActiveCfg = Debug|Any CPU
		{6F6E8468-2C6B-4166-8EDC-960AE0FFA2B2}.Dev|Any CPU.Build.0 = Debug|Any CPU
		{6F6E8468-2C6B-4166-8EDC-960AE0FFA2B2}.Release|Any CPU.ActiveCfg = Release|Any CPU
		{6F6E8468-2C6B-4166-8EDC-960AE0FFA2B2}.Release|Any CPU.Build.0 = Release|Any CPU
		{891F142B-8F32-467B-99D9-D1861CF5747C}.Debug|Any CPU.ActiveCfg = Debug|Any CPU
		{891F142B-8F32-467B-99D9-D1861CF5747C}.Debug|Any CPU.Build.0 = Debug|Any CPU
		{891F142B-8F32-467B-99D9-D1861CF5747C}.Dev|Any CPU.ActiveCfg = Debug|Any CPU
		{891F142B-8F32-467B-99D9-D1861CF5747C}.Dev|Any CPU.Build.0 = Debug|Any CPU
		{891F142B-8F32-467B-99D9-D1861CF5747C}.Release|Any CPU.ActiveCfg = Release|Any CPU
		{891F142B-8F32-467B-99D9-D1861CF5747C}.Release|Any CPU.Build.0 = Release|Any CPU
		{9FA33CE0-874E-465B-938D-D2CD8C524222}.Debug|Any CPU.ActiveCfg = Debug|Any CPU
		{9FA33CE0-874E-465B-938D-D2CD8C524222}.Debug|Any CPU.Build.0 = Debug|Any CPU
		{9FA33CE0-874E-465B-938D-D2CD8C524222}.Dev|Any CPU.ActiveCfg = Debug|Any CPU
		{9FA33CE0-874E-465B-938D-D2CD8C524222}.Dev|Any CPU.Build.0 = Debug|Any CPU
		{9FA33CE0-874E-465B-938D-D2CD8C524222}.Release|Any CPU.ActiveCfg = Release|Any CPU
		{9FA33CE0-874E-465B-938D-D2CD8C524222}.Release|Any CPU.Build.0 = Release|Any CPU
		{D937155B-2377-40F4-946C-316458593915}.Debug|Any CPU.ActiveCfg = Debug|Any CPU
		{D937155B-2377-40F4-946C-316458593915}.Debug|Any CPU.Build.0 = Debug|Any CPU
		{D937155B-2377-40F4-946C-316458593915}.Dev|Any CPU.ActiveCfg = Debug|Any CPU
		{D937155B-2377-40F4-946C-316458593915}.Dev|Any CPU.Build.0 = Debug|Any CPU
		{D937155B-2377-40F4-946C-316458593915}.Release|Any CPU.ActiveCfg = Release|Any CPU
		{D937155B-2377-40F4-946C-316458593915}.Release|Any CPU.Build.0 = Release|Any CPU
		{89C88858-6969-4BD9-A7F7-EBF4EC55BD21}.Debug|Any CPU.ActiveCfg = Debug|Any CPU
		{89C88858-6969-4BD9-A7F7-EBF4EC55BD21}.Debug|Any CPU.Build.0 = Debug|Any CPU
		{89C88858-6969-4BD9-A7F7-EBF4EC55BD21}.Dev|Any CPU.ActiveCfg = Debug|Any CPU
		{89C88858-6969-4BD9-A7F7-EBF4EC55BD21}.Dev|Any CPU.Build.0 = Debug|Any CPU
		{89C88858-6969-4BD9-A7F7-EBF4EC55BD21}.Release|Any CPU.ActiveCfg = Release|Any CPU
		{89C88858-6969-4BD9-A7F7-EBF4EC55BD21}.Release|Any CPU.Build.0 = Release|Any CPU
		{D6B3262C-0538-4038-AAB1-93DB13AF14A6}.Debug|Any CPU.ActiveCfg = Debug|Any CPU
		{D6B3262C-0538-4038-AAB1-93DB13AF14A6}.Debug|Any CPU.Build.0 = Debug|Any CPU
		{D6B3262C-0538-4038-AAB1-93DB13AF14A6}.Dev|Any CPU.ActiveCfg = Debug|Any CPU
		{D6B3262C-0538-4038-AAB1-93DB13AF14A6}.Dev|Any CPU.Build.0 = Debug|Any CPU
		{D6B3262C-0538-4038-AAB1-93DB13AF14A6}.Release|Any CPU.ActiveCfg = Release|Any CPU
		{D6B3262C-0538-4038-AAB1-93DB13AF14A6}.Release|Any CPU.Build.0 = Release|Any CPU
		{7971525A-5287-4C1A-90C9-3D6D3DAA89E3}.Debug|Any CPU.ActiveCfg = Debug|Any CPU
		{7971525A-5287-4C1A-90C9-3D6D3DAA89E3}.Debug|Any CPU.Build.0 = Debug|Any CPU
		{7971525A-5287-4C1A-90C9-3D6D3DAA89E3}.Dev|Any CPU.ActiveCfg = Debug|Any CPU
		{7971525A-5287-4C1A-90C9-3D6D3DAA89E3}.Dev|Any CPU.Build.0 = Debug|Any CPU
		{7971525A-5287-4C1A-90C9-3D6D3DAA89E3}.Release|Any CPU.ActiveCfg = Release|Any CPU
		{7971525A-5287-4C1A-90C9-3D6D3DAA89E3}.Release|Any CPU.Build.0 = Release|Any CPU
		{F3118E72-D1AE-44DD-99A1-A5744AC10D7A}.Debug|Any CPU.ActiveCfg = Debug|Any CPU
		{F3118E72-D1AE-44DD-99A1-A5744AC10D7A}.Debug|Any CPU.Build.0 = Debug|Any CPU
		{F3118E72-D1AE-44DD-99A1-A5744AC10D7A}.Dev|Any CPU.ActiveCfg = Debug|Any CPU
		{F3118E72-D1AE-44DD-99A1-A5744AC10D7A}.Dev|Any CPU.Build.0 = Debug|Any CPU
		{F3118E72-D1AE-44DD-99A1-A5744AC10D7A}.Release|Any CPU.ActiveCfg = Release|Any CPU
		{F3118E72-D1AE-44DD-99A1-A5744AC10D7A}.Release|Any CPU.Build.0 = Release|Any CPU
		{2EEBA91E-2303-462D-8CDD-F29B6EC7B3A4}.Debug|Any CPU.ActiveCfg = Debug|Any CPU
		{2EEBA91E-2303-462D-8CDD-F29B6EC7B3A4}.Debug|Any CPU.Build.0 = Debug|Any CPU
		{2EEBA91E-2303-462D-8CDD-F29B6EC7B3A4}.Dev|Any CPU.ActiveCfg = Debug|Any CPU
		{2EEBA91E-2303-462D-8CDD-F29B6EC7B3A4}.Dev|Any CPU.Build.0 = Debug|Any CPU
		{2EEBA91E-2303-462D-8CDD-F29B6EC7B3A4}.Release|Any CPU.ActiveCfg = Release|Any CPU
		{2EEBA91E-2303-462D-8CDD-F29B6EC7B3A4}.Release|Any CPU.Build.0 = Release|Any CPU
		{FCFC0572-BC6B-4770-BA79-5274E8F5A52B}.Debug|Any CPU.ActiveCfg = Debug|Any CPU
		{FCFC0572-BC6B-4770-BA79-5274E8F5A52B}.Debug|Any CPU.Build.0 = Debug|Any CPU
		{FCFC0572-BC6B-4770-BA79-5274E8F5A52B}.Dev|Any CPU.ActiveCfg = Debug|Any CPU
		{FCFC0572-BC6B-4770-BA79-5274E8F5A52B}.Dev|Any CPU.Build.0 = Debug|Any CPU
		{FCFC0572-BC6B-4770-BA79-5274E8F5A52B}.Release|Any CPU.ActiveCfg = Release|Any CPU
		{FCFC0572-BC6B-4770-BA79-5274E8F5A52B}.Release|Any CPU.Build.0 = Release|Any CPU
		{6A8572C6-B861-4F25-B7C1-95FB1ABF3317}.Debug|Any CPU.ActiveCfg = Debug|Any CPU
		{6A8572C6-B861-4F25-B7C1-95FB1ABF3317}.Debug|Any CPU.Build.0 = Debug|Any CPU
		{6A8572C6-B861-4F25-B7C1-95FB1ABF3317}.Dev|Any CPU.ActiveCfg = Debug|Any CPU
		{6A8572C6-B861-4F25-B7C1-95FB1ABF3317}.Dev|Any CPU.Build.0 = Debug|Any CPU
		{6A8572C6-B861-4F25-B7C1-95FB1ABF3317}.Release|Any CPU.ActiveCfg = Release|Any CPU
		{6A8572C6-B861-4F25-B7C1-95FB1ABF3317}.Release|Any CPU.Build.0 = Release|Any CPU
		{BDC14E4B-6CC5-4D8A-A502-6953985D66CF}.Debug|Any CPU.ActiveCfg = Debug|Any CPU
		{BDC14E4B-6CC5-4D8A-A502-6953985D66CF}.Debug|Any CPU.Build.0 = Debug|Any CPU
		{BDC14E4B-6CC5-4D8A-A502-6953985D66CF}.Dev|Any CPU.ActiveCfg = Debug|Any CPU
		{BDC14E4B-6CC5-4D8A-A502-6953985D66CF}.Dev|Any CPU.Build.0 = Debug|Any CPU
		{BDC14E4B-6CC5-4D8A-A502-6953985D66CF}.Release|Any CPU.ActiveCfg = Release|Any CPU
		{BDC14E4B-6CC5-4D8A-A502-6953985D66CF}.Release|Any CPU.Build.0 = Release|Any CPU
		{C44C35F9-AB4A-42C8-8BAA-BF43FAC783CF}.Debug|Any CPU.ActiveCfg = Debug|Any CPU
		{C44C35F9-AB4A-42C8-8BAA-BF43FAC783CF}.Debug|Any CPU.Build.0 = Debug|Any CPU
		{C44C35F9-AB4A-42C8-8BAA-BF43FAC783CF}.Dev|Any CPU.ActiveCfg = Debug|Any CPU
		{C44C35F9-AB4A-42C8-8BAA-BF43FAC783CF}.Dev|Any CPU.Build.0 = Debug|Any CPU
		{C44C35F9-AB4A-42C8-8BAA-BF43FAC783CF}.Release|Any CPU.ActiveCfg = Release|Any CPU
		{C44C35F9-AB4A-42C8-8BAA-BF43FAC783CF}.Release|Any CPU.Build.0 = Release|Any CPU
		{4B94743A-0BA4-42E8-B37E-6B8D50D89F14}.Debug|Any CPU.ActiveCfg = Debug|Any CPU
		{4B94743A-0BA4-42E8-B37E-6B8D50D89F14}.Debug|Any CPU.Build.0 = Debug|Any CPU
		{4B94743A-0BA4-42E8-B37E-6B8D50D89F14}.Dev|Any CPU.ActiveCfg = Debug|Any CPU
		{4B94743A-0BA4-42E8-B37E-6B8D50D89F14}.Dev|Any CPU.Build.0 = Debug|Any CPU
		{4B94743A-0BA4-42E8-B37E-6B8D50D89F14}.Release|Any CPU.ActiveCfg = Release|Any CPU
		{4B94743A-0BA4-42E8-B37E-6B8D50D89F14}.Release|Any CPU.Build.0 = Release|Any CPU
		{12B76AA9-3837-44EE-BC02-12D8E897D664}.Debug|Any CPU.ActiveCfg = Debug|Any CPU
		{12B76AA9-3837-44EE-BC02-12D8E897D664}.Debug|Any CPU.Build.0 = Debug|Any CPU
		{12B76AA9-3837-44EE-BC02-12D8E897D664}.Dev|Any CPU.ActiveCfg = Debug|Any CPU
		{12B76AA9-3837-44EE-BC02-12D8E897D664}.Dev|Any CPU.Build.0 = Debug|Any CPU
		{12B76AA9-3837-44EE-BC02-12D8E897D664}.Release|Any CPU.ActiveCfg = Release|Any CPU
		{12B76AA9-3837-44EE-BC02-12D8E897D664}.Release|Any CPU.Build.0 = Release|Any CPU
		{0EB0A3A5-16C0-46D3-BD4F-FAAD349A71D1}.Debug|Any CPU.ActiveCfg = Debug|Any CPU
		{0EB0A3A5-16C0-46D3-BD4F-FAAD349A71D1}.Debug|Any CPU.Build.0 = Debug|Any CPU
		{0EB0A3A5-16C0-46D3-BD4F-FAAD349A71D1}.Dev|Any CPU.ActiveCfg = Debug|Any CPU
		{0EB0A3A5-16C0-46D3-BD4F-FAAD349A71D1}.Dev|Any CPU.Build.0 = Debug|Any CPU
		{0EB0A3A5-16C0-46D3-BD4F-FAAD349A71D1}.Release|Any CPU.ActiveCfg = Release|Any CPU
		{0EB0A3A5-16C0-46D3-BD4F-FAAD349A71D1}.Release|Any CPU.Build.0 = Release|Any CPU
		{D1185FA4-88B7-4DA7-9B73-82C65A2F0B5C}.Debug|Any CPU.ActiveCfg = Debug|Any CPU
		{D1185FA4-88B7-4DA7-9B73-82C65A2F0B5C}.Debug|Any CPU.Build.0 = Debug|Any CPU
		{D1185FA4-88B7-4DA7-9B73-82C65A2F0B5C}.Dev|Any CPU.ActiveCfg = Debug|Any CPU
		{D1185FA4-88B7-4DA7-9B73-82C65A2F0B5C}.Dev|Any CPU.Build.0 = Debug|Any CPU
		{D1185FA4-88B7-4DA7-9B73-82C65A2F0B5C}.Release|Any CPU.ActiveCfg = Release|Any CPU
		{D1185FA4-88B7-4DA7-9B73-82C65A2F0B5C}.Release|Any CPU.Build.0 = Release|Any CPU
		{B22A0AA4-F6A4-4BC0-9968-3D52FCFFFA59}.Debug|Any CPU.ActiveCfg = Debug|Any CPU
		{B22A0AA4-F6A4-4BC0-9968-3D52FCFFFA59}.Debug|Any CPU.Build.0 = Debug|Any CPU
		{B22A0AA4-F6A4-4BC0-9968-3D52FCFFFA59}.Dev|Any CPU.ActiveCfg = Debug|Any CPU
		{B22A0AA4-F6A4-4BC0-9968-3D52FCFFFA59}.Dev|Any CPU.Build.0 = Debug|Any CPU
		{B22A0AA4-F6A4-4BC0-9968-3D52FCFFFA59}.Release|Any CPU.ActiveCfg = Release|Any CPU
		{B22A0AA4-F6A4-4BC0-9968-3D52FCFFFA59}.Release|Any CPU.Build.0 = Release|Any CPU
		{8E45B694-1B7F-4BD5-9354-03185843D293}.Debug|Any CPU.ActiveCfg = Debug|Any CPU
		{8E45B694-1B7F-4BD5-9354-03185843D293}.Debug|Any CPU.Build.0 = Debug|Any CPU
		{8E45B694-1B7F-4BD5-9354-03185843D293}.Dev|Any CPU.ActiveCfg = Debug|Any CPU
		{8E45B694-1B7F-4BD5-9354-03185843D293}.Dev|Any CPU.Build.0 = Debug|Any CPU
		{8E45B694-1B7F-4BD5-9354-03185843D293}.Release|Any CPU.ActiveCfg = Release|Any CPU
		{8E45B694-1B7F-4BD5-9354-03185843D293}.Release|Any CPU.Build.0 = Release|Any CPU
		{82E44795-EAB0-432E-9F6B-AB8FE1196E38}.Debug|Any CPU.ActiveCfg = Debug|Any CPU
		{82E44795-EAB0-432E-9F6B-AB8FE1196E38}.Debug|Any CPU.Build.0 = Debug|Any CPU
		{82E44795-EAB0-432E-9F6B-AB8FE1196E38}.Dev|Any CPU.ActiveCfg = Debug|Any CPU
		{82E44795-EAB0-432E-9F6B-AB8FE1196E38}.Dev|Any CPU.Build.0 = Debug|Any CPU
		{82E44795-EAB0-432E-9F6B-AB8FE1196E38}.Release|Any CPU.ActiveCfg = Release|Any CPU
		{82E44795-EAB0-432E-9F6B-AB8FE1196E38}.Release|Any CPU.Build.0 = Release|Any CPU
		{6212A842-F3C9-4980-B041-ABDE5FC2179B}.Debug|Any CPU.ActiveCfg = Debug|Any CPU
		{6212A842-F3C9-4980-B041-ABDE5FC2179B}.Debug|Any CPU.Build.0 = Debug|Any CPU
		{6212A842-F3C9-4980-B041-ABDE5FC2179B}.Dev|Any CPU.ActiveCfg = Debug|Any CPU
		{6212A842-F3C9-4980-B041-ABDE5FC2179B}.Dev|Any CPU.Build.0 = Debug|Any CPU
		{6212A842-F3C9-4980-B041-ABDE5FC2179B}.Release|Any CPU.ActiveCfg = Release|Any CPU
		{6212A842-F3C9-4980-B041-ABDE5FC2179B}.Release|Any CPU.Build.0 = Release|Any CPU
		{7C48BAB9-1B94-4438-B98D-0E57122BB968}.Debug|Any CPU.ActiveCfg = Debug|Any CPU
		{7C48BAB9-1B94-4438-B98D-0E57122BB968}.Debug|Any CPU.Build.0 = Debug|Any CPU
		{7C48BAB9-1B94-4438-B98D-0E57122BB968}.Dev|Any CPU.ActiveCfg = Debug|Any CPU
		{7C48BAB9-1B94-4438-B98D-0E57122BB968}.Dev|Any CPU.Build.0 = Debug|Any CPU
		{7C48BAB9-1B94-4438-B98D-0E57122BB968}.Release|Any CPU.ActiveCfg = Release|Any CPU
		{7C48BAB9-1B94-4438-B98D-0E57122BB968}.Release|Any CPU.Build.0 = Release|Any CPU
		{EDC17BA3-DD4B-47A0-8F2B-1BBB6EC0678B}.Debug|Any CPU.ActiveCfg = Debug|Any CPU
		{EDC17BA3-DD4B-47A0-8F2B-1BBB6EC0678B}.Debug|Any CPU.Build.0 = Debug|Any CPU
		{EDC17BA3-DD4B-47A0-8F2B-1BBB6EC0678B}.Dev|Any CPU.ActiveCfg = Debug|Any CPU
		{EDC17BA3-DD4B-47A0-8F2B-1BBB6EC0678B}.Dev|Any CPU.Build.0 = Debug|Any CPU
		{EDC17BA3-DD4B-47A0-8F2B-1BBB6EC0678B}.Release|Any CPU.ActiveCfg = Release|Any CPU
		{EDC17BA3-DD4B-47A0-8F2B-1BBB6EC0678B}.Release|Any CPU.Build.0 = Release|Any CPU
		{244792E9-CD60-420D-8427-6FD7641EB3E4}.Debug|Any CPU.ActiveCfg = Debug|Any CPU
		{244792E9-CD60-420D-8427-6FD7641EB3E4}.Debug|Any CPU.Build.0 = Debug|Any CPU
		{244792E9-CD60-420D-8427-6FD7641EB3E4}.Dev|Any CPU.ActiveCfg = Debug|Any CPU
		{244792E9-CD60-420D-8427-6FD7641EB3E4}.Dev|Any CPU.Build.0 = Debug|Any CPU
		{244792E9-CD60-420D-8427-6FD7641EB3E4}.Release|Any CPU.ActiveCfg = Release|Any CPU
		{244792E9-CD60-420D-8427-6FD7641EB3E4}.Release|Any CPU.Build.0 = Release|Any CPU
		{BEF4A31A-EA9D-404D-80B4-5FD7DFC7BCD9}.Debug|Any CPU.ActiveCfg = Debug|Any CPU
		{BEF4A31A-EA9D-404D-80B4-5FD7DFC7BCD9}.Debug|Any CPU.Build.0 = Debug|Any CPU
		{BEF4A31A-EA9D-404D-80B4-5FD7DFC7BCD9}.Dev|Any CPU.ActiveCfg = Debug|Any CPU
		{BEF4A31A-EA9D-404D-80B4-5FD7DFC7BCD9}.Dev|Any CPU.Build.0 = Debug|Any CPU
		{BEF4A31A-EA9D-404D-80B4-5FD7DFC7BCD9}.Release|Any CPU.ActiveCfg = Release|Any CPU
		{BEF4A31A-EA9D-404D-80B4-5FD7DFC7BCD9}.Release|Any CPU.Build.0 = Release|Any CPU
		{80031BCA-F76C-4F16-ADD6-8A89289DAE9F}.Debug|Any CPU.ActiveCfg = Debug|Any CPU
		{80031BCA-F76C-4F16-ADD6-8A89289DAE9F}.Debug|Any CPU.Build.0 = Debug|Any CPU
		{80031BCA-F76C-4F16-ADD6-8A89289DAE9F}.Dev|Any CPU.ActiveCfg = Debug|Any CPU
		{80031BCA-F76C-4F16-ADD6-8A89289DAE9F}.Dev|Any CPU.Build.0 = Debug|Any CPU
		{80031BCA-F76C-4F16-ADD6-8A89289DAE9F}.Release|Any CPU.ActiveCfg = Release|Any CPU
		{80031BCA-F76C-4F16-ADD6-8A89289DAE9F}.Release|Any CPU.Build.0 = Release|Any CPU
		{A1B296D4-AE33-4464-BA1E-6DF18527DBA9}.Debug|Any CPU.ActiveCfg = Debug|Any CPU
		{A1B296D4-AE33-4464-BA1E-6DF18527DBA9}.Debug|Any CPU.Build.0 = Debug|Any CPU
		{A1B296D4-AE33-4464-BA1E-6DF18527DBA9}.Dev|Any CPU.ActiveCfg = Debug|Any CPU
		{A1B296D4-AE33-4464-BA1E-6DF18527DBA9}.Dev|Any CPU.Build.0 = Debug|Any CPU
		{A1B296D4-AE33-4464-BA1E-6DF18527DBA9}.Release|Any CPU.ActiveCfg = Release|Any CPU
		{A1B296D4-AE33-4464-BA1E-6DF18527DBA9}.Release|Any CPU.Build.0 = Release|Any CPU
		{B3DA6ED2-95DA-4F63-B72A-2E6F472EEF0C}.Debug|Any CPU.ActiveCfg = Debug|Any CPU
		{B3DA6ED2-95DA-4F63-B72A-2E6F472EEF0C}.Debug|Any CPU.Build.0 = Debug|Any CPU
		{B3DA6ED2-95DA-4F63-B72A-2E6F472EEF0C}.Dev|Any CPU.ActiveCfg = Debug|Any CPU
		{B3DA6ED2-95DA-4F63-B72A-2E6F472EEF0C}.Dev|Any CPU.Build.0 = Debug|Any CPU
		{B3DA6ED2-95DA-4F63-B72A-2E6F472EEF0C}.Release|Any CPU.ActiveCfg = Release|Any CPU
		{B3DA6ED2-95DA-4F63-B72A-2E6F472EEF0C}.Release|Any CPU.Build.0 = Release|Any CPU
		{C4889BC0-5467-41E3-B953-B06BCA3AEB4F}.Debug|Any CPU.ActiveCfg = Debug|Any CPU
		{C4889BC0-5467-41E3-B953-B06BCA3AEB4F}.Debug|Any CPU.Build.0 = Debug|Any CPU
		{C4889BC0-5467-41E3-B953-B06BCA3AEB4F}.Dev|Any CPU.ActiveCfg = Debug|Any CPU
		{C4889BC0-5467-41E3-B953-B06BCA3AEB4F}.Dev|Any CPU.Build.0 = Debug|Any CPU
		{C4889BC0-5467-41E3-B953-B06BCA3AEB4F}.Release|Any CPU.ActiveCfg = Release|Any CPU
		{C4889BC0-5467-41E3-B953-B06BCA3AEB4F}.Release|Any CPU.Build.0 = Release|Any CPU
		{FE0C8FB3-30E1-496B-9590-1A9844AE3A73}.Debug|Any CPU.ActiveCfg = Debug|Any CPU
		{FE0C8FB3-30E1-496B-9590-1A9844AE3A73}.Debug|Any CPU.Build.0 = Debug|Any CPU
		{FE0C8FB3-30E1-496B-9590-1A9844AE3A73}.Dev|Any CPU.ActiveCfg = Debug|Any CPU
		{FE0C8FB3-30E1-496B-9590-1A9844AE3A73}.Dev|Any CPU.Build.0 = Debug|Any CPU
		{FE0C8FB3-30E1-496B-9590-1A9844AE3A73}.Release|Any CPU.ActiveCfg = Release|Any CPU
		{FE0C8FB3-30E1-496B-9590-1A9844AE3A73}.Release|Any CPU.Build.0 = Release|Any CPU
		{1C3D680E-E6C4-436E-8EF9-29ED5157FC71}.Debug|Any CPU.ActiveCfg = Debug|Any CPU
		{1C3D680E-E6C4-436E-8EF9-29ED5157FC71}.Debug|Any CPU.Build.0 = Debug|Any CPU
		{1C3D680E-E6C4-436E-8EF9-29ED5157FC71}.Dev|Any CPU.ActiveCfg = Dev|Any CPU
		{1C3D680E-E6C4-436E-8EF9-29ED5157FC71}.Dev|Any CPU.Build.0 = Dev|Any CPU
		{1C3D680E-E6C4-436E-8EF9-29ED5157FC71}.Release|Any CPU.ActiveCfg = Release|Any CPU
		{1C3D680E-E6C4-436E-8EF9-29ED5157FC71}.Release|Any CPU.Build.0 = Release|Any CPU
		{7B07B062-178C-4A7B-A1C1-38710F6A4E30}.Debug|Any CPU.ActiveCfg = Debug|Any CPU
		{7B07B062-178C-4A7B-A1C1-38710F6A4E30}.Debug|Any CPU.Build.0 = Debug|Any CPU
		{7B07B062-178C-4A7B-A1C1-38710F6A4E30}.Dev|Any CPU.ActiveCfg = Debug|Any CPU
		{7B07B062-178C-4A7B-A1C1-38710F6A4E30}.Dev|Any CPU.Build.0 = Debug|Any CPU
		{7B07B062-178C-4A7B-A1C1-38710F6A4E30}.Release|Any CPU.ActiveCfg = Release|Any CPU
		{7B07B062-178C-4A7B-A1C1-38710F6A4E30}.Release|Any CPU.Build.0 = Release|Any CPU
	EndGlobalSection
	GlobalSection(SolutionProperties) = preSolution
		HideSolutionNode = FALSE
	EndGlobalSection
	GlobalSection(NestedProjects) = preSolution
		{54E4A240-9F00-4339-B491-DB6AF7ECC669} = {A78DE27D-9939-4281-BA81-082137B11951}
		{551AD35B-0912-46AC-A1FD-10FC9F4B7DC0} = {A78DE27D-9939-4281-BA81-082137B11951}
		{FB2CCB84-ECBB-453E-88C1-0C9F598DFF2F} = {BEFACE0E-91F6-45FF-8EF2-26F83B29B42E}
		{5099EC78-BDF7-4806-9813-425400EEE5C2} = {CB2F7A26-DB70-4743-960D-4E02F4C87771}
		{6F6E8468-2C6B-4166-8EDC-960AE0FFA2B2} = {CB2F7A26-DB70-4743-960D-4E02F4C87771}
		{891F142B-8F32-467B-99D9-D1861CF5747C} = {CB2F7A26-DB70-4743-960D-4E02F4C87771}
		{D937155B-2377-40F4-946C-316458593915} = {1B18AE4A-840E-4F45-A7CB-6F35489C4881}
		{89C88858-6969-4BD9-A7F7-EBF4EC55BD21} = {1B18AE4A-840E-4F45-A7CB-6F35489C4881}
		{D6B3262C-0538-4038-AAB1-93DB13AF14A6} = {1B18AE4A-840E-4F45-A7CB-6F35489C4881}
		{7971525A-5287-4C1A-90C9-3D6D3DAA89E3} = {1B18AE4A-840E-4F45-A7CB-6F35489C4881}
		{F3118E72-D1AE-44DD-99A1-A5744AC10D7A} = {1B18AE4A-840E-4F45-A7CB-6F35489C4881}
		{2EEBA91E-2303-462D-8CDD-F29B6EC7B3A4} = {1B18AE4A-840E-4F45-A7CB-6F35489C4881}
		{FCFC0572-BC6B-4770-BA79-5274E8F5A52B} = {1B18AE4A-840E-4F45-A7CB-6F35489C4881}
		{6A8572C6-B861-4F25-B7C1-95FB1ABF3317} = {1B18AE4A-840E-4F45-A7CB-6F35489C4881}
		{BDC14E4B-6CC5-4D8A-A502-6953985D66CF} = {1B18AE4A-840E-4F45-A7CB-6F35489C4881}
		{C44C35F9-AB4A-42C8-8BAA-BF43FAC783CF} = {1B18AE4A-840E-4F45-A7CB-6F35489C4881}
		{4B94743A-0BA4-42E8-B37E-6B8D50D89F14} = {1B18AE4A-840E-4F45-A7CB-6F35489C4881}
		{12B76AA9-3837-44EE-BC02-12D8E897D664} = {1B18AE4A-840E-4F45-A7CB-6F35489C4881}
		{0EB0A3A5-16C0-46D3-BD4F-FAAD349A71D1} = {1B18AE4A-840E-4F45-A7CB-6F35489C4881}
		{D1185FA4-88B7-4DA7-9B73-82C65A2F0B5C} = {1B18AE4A-840E-4F45-A7CB-6F35489C4881}
		{B22A0AA4-F6A4-4BC0-9968-3D52FCFFFA59} = {1B18AE4A-840E-4F45-A7CB-6F35489C4881}
		{8E45B694-1B7F-4BD5-9354-03185843D293} = {1B18AE4A-840E-4F45-A7CB-6F35489C4881}
		{82E44795-EAB0-432E-9F6B-AB8FE1196E38} = {1B18AE4A-840E-4F45-A7CB-6F35489C4881}
		{6212A842-F3C9-4980-B041-ABDE5FC2179B} = {1B18AE4A-840E-4F45-A7CB-6F35489C4881}
		{7C48BAB9-1B94-4438-B98D-0E57122BB968} = {1B18AE4A-840E-4F45-A7CB-6F35489C4881}
		{80031BCA-F76C-4F16-ADD6-8A89289DAE9F} = {1B18AE4A-840E-4F45-A7CB-6F35489C4881}
		{EDC17BA3-DD4B-47A0-8F2B-1BBB6EC0678B} = {4D7C5A55-1E7C-4F98-8F36-E1D9D6861850}
		{244792E9-CD60-420D-8427-6FD7641EB3E4} = {6420E207-90D8-4F16-808E-AF7834CDD983}
		{BEF4A31A-EA9D-404D-80B4-5FD7DFC7BCD9} = {6420E207-90D8-4F16-808E-AF7834CDD983}
		{A1B296D4-AE33-4464-BA1E-6DF18527DBA9} = {D1AFB27D-F7A1-47AD-9EAF-19A34610D05A}
		{B3DA6ED2-95DA-4F63-B72A-2E6F472EEF0C} = {D1AFB27D-F7A1-47AD-9EAF-19A34610D05A}
		{C4889BC0-5467-41E3-B953-B06BCA3AEB4F} = {D1AFB27D-F7A1-47AD-9EAF-19A34610D05A}
		{FE0C8FB3-30E1-496B-9590-1A9844AE3A73} = {D1AFB27D-F7A1-47AD-9EAF-19A34610D05A}
		{1C3D680E-E6C4-436E-8EF9-29ED5157FC71} = {D1AFB27D-F7A1-47AD-9EAF-19A34610D05A}
		{7B07B062-178C-4A7B-A1C1-38710F6A4E30} = {D1AFB27D-F7A1-47AD-9EAF-19A34610D05A}
	EndGlobalSection
EndGlobal
